{
  "nodes": {
    "blueprint": {
      "inputs": {
        "nixpkgs": [
          "nixpkgs"
        ],
        "systems": "systems"
      },
      "locked": {
        "lastModified": 1776249299,
        "narHash": "sha256-Dt9t1TGRmJFc0xVYhttNBD6QsAgHOHCArqGa0AyjrJY=",
        "owner": "numtide",
        "repo": "blueprint",
        "rev": "56131e8628f173d24a27f6d27c0215eff57e40dd",
        "type": "github"
      },
      "original": {
        "owner": "numtide",
        "repo": "blueprint",
        "type": "github"
      }
    },
    "bosl2": {
      "flake": false,
      "locked": {
        "lastModified": 1784064269,
        "narHash": "sha256-J0dkeHYlh2UFiAwubVvV8gx03RJ1BPBfqkn6Y4qUEVI=",
        "owner": "BelfrySCAD",
        "repo": "BOSL2",
        "rev": "afe82db884ee4409aa76ecfcfbbf54d446964af1",
        "type": "github"
      },
      "original": {
        "owner": "BelfrySCAD",
        "repo": "BOSL2",
        "type": "github"
      }
    },
    "curves": {
      "flake": false,
      "locked": {
        "lastModified": 1785590593,
        "narHash": "sha256-SMJd5UJfjM5/e28f8dFh51sWMUSzljfI6Kr2lhFsrHQ=",
        "owner": "tomate44",
        "repo": "CurvesWB",
        "rev": "5ce4d932a16f738afa30a8f883519ef1a92c1433",
        "type": "github"
      },
      "original": {
        "owner": "tomate44",
        "repo": "CurvesWB",
        "type": "github"
      }
    },
    "freecad-mcp": {
      "flake": false,
      "locked": {
        "lastModified": 1785551116,
        "narHash": "sha256-c6eyJPQzRV/ajIFhEmdXb+Y5LQiZj714yuJd5UDfnhw=",
        "owner": "neka-nat",
        "repo": "freecad-mcp",
        "rev": "6de952ae923e68af236f40570ae06b1a37994592",
        "type": "github"
      },
      "original": {
        "owner": "neka-nat",
        "repo": "freecad-mcp",
        "type": "github"
      }
    },
    "freecad-ribbon": {
      "flake": false,
      "locked": {
        "lastModified": 1786472735,
        "narHash": "sha256-8G5P2EvXfHDpzz7AKe8jZXtV1R2xsy2REVBpbRZ6C50=",
        "owner": "APEbbers",
        "repo": "FreeCAD-Ribbon",
        "rev": "ef4f473743094e0f61f95a76b4468d3f42f417f0",
        "type": "github"
      },
      "original": {
        "owner": "APEbbers",
        "repo": "FreeCAD-Ribbon",
        "type": "github"
      }
    },
    "gridfinity": {
      "flake": false,
      "locked": {
        "lastModified": 1772590499,
        "narHash": "sha256-pJs4oLpSa3YHlj15Cx4RCF3NKLefJ5MrjQaCqqr0ufE=",
        "owner": "Stu142",
        "repo": "FreeCAD-Gridfinity-Workbench",
        "rev": "6caeb02812bf3b389110c205c6fd48638353e957",
        "type": "github"
      },
      "original": {
        "owner": "Stu142",
        "repo": "FreeCAD-Gridfinity-Workbench",
        "type": "github"
      }
    },
    "kicad-stepup": {
      "flake": false,
      "locked": {
        "lastModified": 1784824150,
        "narHash": "sha256-BNTbdrCjoOzSu6AtPvfTp8e6Bl5N3ZXwbjlx3DefSpA=",
        "owner": "easyw",
        "repo": "kicadStepUpMod",
        "rev": "e4ce894538c35ca820ef7d7b8f45ee62be88f0c2",
        "type": "github"
      },
      "original": {
        "owner": "easyw",
        "repo": "kicadStepUpMod",
        "type": "github"
      }
    },
    "konnect": {
      "flake": false,
      "locked": {
        "lastModified": 1785591116,
        "narHash": "sha256-omKcqOHaukfhAhSurutcmyihYBiwtl9BoBwQADzBxB8=",
        "owner": "mixelpixx",
        "repo": "Konnect",
        "rev": "ac878269de0692ca4555f19658dd5af7886a8b78",
        "type": "github"
      },
      "original": {
        "owner": "mixelpixx",
        "ref": "v0.2.2",
        "repo": "Konnect",
        "type": "github"
      }
    },
    "nixpkgs": {
      "locked": {
        "lastModified": 1785090369,
        "narHash": "sha256-m0pDuRJG7EDo9ri+4Ksu83VsI+PlxNC9lNBfydejce4=",
        "owner": "nixos",
        "repo": "nixpkgs",
        "rev": "624af665418d3c65d544145b4d34ad696439570e",
        "type": "github"
      },
      "original": {
        "owner": "nixos",
        "ref": "nixos-unstable",
        "repo": "nixpkgs",
        "type": "github"
      }
    },
    "root": {
      "inputs": {
        "blueprint": "blueprint",
        "bosl2": "bosl2",
        "curves": "curves",
        "freecad-mcp": "freecad-mcp",
        "freecad-ribbon": "freecad-ribbon",
        "gridfinity": "gridfinity",
        "kicad-stepup": "kicad-stepup",
        "konnect": "konnect",
        "nixpkgs": "nixpkgs",
        "round-anything": "round-anything",
        "treefmt-nix": "treefmt-nix"
      }
    },
    "round-anything": {
      "flake": false,
      "locked": {
        "lastModified": 1691361693,
        "narHash": "sha256-xED5fz+VmVv4VJO72PQuExqOtxFdCQ4v4GA99GvA70E=",
        "owner": "Irev-Dev",
        "repo": "Round-Anything",
        "rev": "061fef7c429628808e847696bb345a9b0ec6e279",
        "type": "github"
      },
      "original": {
        "owner": "Irev-Dev",
        "repo": "Round-Anything",
        "type": "github"
      }
    },
    "systems": {
      "locked": {
        "lastModified": 1681028828,
        "narHash": "sha256-Vy1rq5AaRuLzOxct8nz4T6wlgyUR7zLU309k9mBC768=",
        "owner": "nix-systems",
        "repo": "default",
        "rev": "da67096a3b9bf56a91d16901293e51ba5b49a27e",
        "type": "github"
      },
      "original": {
        "owner": "nix-systems",
        "repo": "default",
        "type": "github"
      }
    },
    "treefmt-nix": {
      "inputs": {
        "nixpkgs": [
          "nixpkgs"
        ]
      },
      "locked": {
        "lastModified": 1784369104,
        "narHash": "sha256-47cxbcZODibHv3rELFQ9vZly0vUNkND/atn/U7HLeb0=",
        "owner": "numtide",
        "repo": "treefmt-nix",
        "rev": "df3c0640565d04a0261253cdd89fce78ec50168a",
        "type": "github"
      },
      "original": {
        "owner": "numtide",
        "repo": "treefmt-nix",
        "type": "github"
      }
    }
  },
  "root": "root",
  "version": 7
}
